
Microsoft Visual Studio Solution File, Format Version 12.00
# Visual Studio Version 17
VisualStudioVersion = 17.0.31903.59
MinimumVisualStudioVersion = 10.0.40219.1
Project("{FAE04EC0-301F-11D3-BF4B-00C04F79EFBC}") = "TournamentTeamCollector", "TournamentTeamCollector\TournamentTeamCollector.csproj", "{A1FF1885-E7F3-4E8B-BFF9-57E9D696F2BB}"
EndProject
Global
	GlobalSection(SolutionConfigurationPlatforms) = preSolution
		Debug|Any CPU = Debug|Any CPU
		Release|Any CPU = Release|Any CPU
	EndGlobalSection
	GlobalSection(ProjectConfigurationPlatforms) = postSolution
		{A1FF1885-E7F3-4E8B-BFF9-57E9D696F2BB}.Debug|Any CPU.ActiveCfg = Debug|Any CPU
		{A1FF1885-E7F3-4E8B-BFF9-57E9D696F2BB}.Debug|Any CPU.Build.0 = Debug|Any CPU
		{A1FF1885-E7F3-4E8B-BFF9-57E9D696F2BB}.Release|Any CPU.ActiveCfg = Release|Any CPU
		{A1FF1885-E7F3-4E8B-BFF9-57E9D696F2BB}.Release|Any CPU.Build.0 = Release|Any CPU
	EndGlobalSection
	GlobalSection(SolutionProperties) = preSolution
		HideSolutionNode = FALSE
	EndGlobalSection
	GlobalSection(ExtensibilityGlobals) = postSolution
		SolutionGuid = {603EF7E9-8FDC-4989-956D-05A3852DF8CC}
	EndGlobalSection
EndGlobal
